// !$*UTF8*$!
{
	archiveVersion = 1;
	classes = {
	};
	objectVersion = 77;
	objects = {

/* Begin PBXContainerItemProxy section */
		04C731502D65B5580037CCF1 /* PBXContainerItemProxy */ = {
			isa = PBXContainerItemProxy;
			containerPortal = 04C731352D65B5530037CCF1 /* Project object */;
			proxyType = 1;
			remoteGlobalIDString = 04C7313C2D65B5530037CCF1;
			remoteInfo = FilemanagerBootCamp;
		};
		04C7315A2D65B5580037CCF1 /* PBXContainerItemProxy */ = {
			isa = PBXContainerItemProxy;
			containerPortal = 04C731352D65B5530037CCF1 /* Project object */;
			proxyType = 1;
			remoteGlobalIDString = 04C7313C2D65B5530037CCF1;
			remoteInfo = FilemanagerBootCamp;
		};
/* End PBXContainerItemProxy section */

/* Begin PBXFileReference section */
		04C7313D2D65B5530037CCF1 /* FilemanagerBootCamp.app */ = {isa = PBXFileReference; explicitFileType = wrapper.application; includeInIndex = 0; path = FilemanagerBootCamp.app; sourceTree = BUILT_PRODUCTS_DIR; };
		04C7314F2D65B5580037CCF1 /* FilemanagerBootCampTests.xctest */ = {isa = PBXFileReference; explicitFileType = wrapper.cfbundle; includeInIndex = 0; path = FilemanagerBootCampTests.xctest; sourceTree = BUILT_PRODUCTS_DIR; };
		04C731592D65B5580037CCF1 /* FilemanagerBootCampUITests.xctest */ = {isa = PBXFileReference; explicitFileType = wrapper.cfbundle; includeInIndex = 0; path = FilemanagerBootCampUITests.xctest; sourceTree = BUILT_PRODUCTS_DIR; };
/* End PBXFileReference section */

/* Begin PBXFileSystemSynchronizedRootGroup section */
		04C7313F2D65B5530037CCF1 /* FilemanagerBootCamp */ = {
			isa = PBXFileSystemSynchronizedRootGroup;
			path = FilemanagerBootCamp;
			sourceTree = "<group>";
		};
		04C731522D65B5580037CCF1 /* FilemanagerBootCampTests */ = {
			isa = PBXFileSystemSynchronizedRootGroup;
			path = FilemanagerBootCampTests;
			sourceTree = "<group>";
		};
		04C7315C2D65B5580037CCF1 /* FilemanagerBootCampUITests */ = {
			isa = PBXFileSystemSynchronizedRootGroup;
			path = FilemanagerBootCampUITests;
			sourceTree = "<group>";
		};
/* End PBXFileSystemSynchronizedRootGroup section */

/* Begin PBXFrameworksBuildPhase section */
		04C7313A2D65B5530037CCF1 /* Frameworks */ = {
			isa = PBXFrameworksBuildPhase;
			buildActionMask = 2147483647;
			files = (
			);
			runOnlyForDeploymentPostprocessing = 0;
		};
		04C7314C2D65B5570037CCF1 /* Frameworks */ = {
			isa = PBXFrameworksBuildPhase;
			buildActionMask = 2147483647;
			files = (
			);
			runOnlyForDeploymentPostprocessing = 0;
		};
		04C731562D65B5580037CCF1 /* Frameworks */ = {
			isa = PBXFrameworksBuildPhase;
			buildActionMask = 2147483647;
			files = (
			);
			runOnlyForDeploymentPostprocessing = 0;
		};
/* End PBXFrameworksBuildPhase section */

/* Begin PBXGroup section */
		04C731342D65B5530037CCF1 = {
			isa = PBXGroup;
			children = (
				04C7313F2D65B5530037CCF1 /* FilemanagerBootCamp */,
				04C731522D65B5580037CCF1 /* FilemanagerBootCampTests */,
				04C7315C2D65B5580037CCF1 /* FilemanagerBootCampUITests */,
				04C7313E2D65B5530037CCF1 /* Products */,
			);
			sourceTree = "<group>";
		};
		04C7313E2D65B5530037CCF1 /* Products */ = {
			isa = PBXGroup;
			children = (
				04C7313D2D65B5530037CCF1 /* FilemanagerBootCamp.app */,
				04C7314F2D65B5580037CCF1 /* FilemanagerBootCampTests.xctest */,
				04C731592D65B5580037CCF1 /* FilemanagerBootCampUITests.xctest */,
			);
			name = Products;
			sourceTree = "<group>";
		};
/* End PBXGroup section */

/* Begin PBXNativeTarget section */
		04C7313C2D65B5530037CCF1 /* FilemanagerBootCamp */ = {
			isa = PBXNativeTarget;
			buildConfigurationList = 04C731632D65B5580037CCF1 /* Build configuration list for PBXNativeTarget "FilemanagerBootCamp" */;
			buildPhases = (
				04C731392D65B5530037CCF1 /* Sources */,
				04C7313A2D65B5530037CCF1 /* Frameworks */,
				04C7313B2D65B5530037CCF1 /* Resources */,
			);
			buildRules = (
			);
			dependencies = (
			);
			fileSystemSynchronizedGroups = (
				04C7313F2D65B5530037CCF1 /* FilemanagerBootCamp */,
			);
			name = FilemanagerBootCamp;
			packageProductDependencies = (
			);
			productName = FilemanagerBootCamp;
			productReference = 04C7313D2D65B5530037CCF1 /* FilemanagerBootCamp.app */;
			productType = "com.apple.product-type.application";
		};
		04C7314E2D65B5570037CCF1 /* FilemanagerBootCampTests */ = {
			isa = PBXNativeTarget;
			buildConfigurationList = 04C731662D65B5580037CCF1 /* Build configuration list for PBXNativeTarget "FilemanagerBootCampTests" */;
			buildPhases = (
				04C7314B2D65B5570037CCF1 /* Sources */,
				04C7314C2D65B5570037CCF1 /* Frameworks */,
				04C7314D2D65B5570037CCF1 /* Resources */,
			);
			buildRules = (
			);
			dependencies = (
				04C731512D65B5580037CCF1 /* PBXTargetDependency */,
			);
			fileSystemSynchronizedGroups = (
				04C731522D65B5580037CCF1 /* FilemanagerBootCampTests */,
			);
			name = FilemanagerBootCampTests;
			packageProductDependencies = (
			);
			productName = FilemanagerBootCampTests;
			productReference = 04C7314F2D65B5580037CCF1 /* FilemanagerBootCampTests.xctest */;
			productType = "com.apple.product-type.bundle.unit-test";
		};
		04C731582D65B5580037CCF1 /* FilemanagerBootCampUITests */ = {
			isa = PBXNativeTarget;
			buildConfigurationList = 04C731692D65B5580037CCF1 /* Build configuration list for PBXNativeTarget "FilemanagerBootCampUITests" */;
			buildPhases = (
				04C731552D65B5580037CCF1 /* Sources */,
				04C731562D65B5580037CCF1 /* Frameworks */,
				04C731572D65B5580037CCF1 /* Resources */,
			);
			buildRules = (
			);
			dependencies = (
				04C7315B2D65B5580037CCF1 /* PBXTargetDependency */,
			);
			fileSystemSynchronizedGroups = (
				04C7315C2D65B5580037CCF1 /* FilemanagerBootCampUITests */,
			);
			name = FilemanagerBootCampUITests;
			packageProductDependencies = (
			);
			productName = FilemanagerBootCampUITests;
			productReference = 04C731592D65B5580037CCF1 /* FilemanagerBootCampUITests.xctest */;
			productType = "com.apple.product-type.bundle.ui-testing";
		};
/* End PBXNativeTarget section */

/* Begin PBXProject section */
		04C731352D65B5530037CCF1 /* Project object */ = {
			isa = PBXProject;
			attributes = {
				BuildIndependentTargetsInParallel = 1;
				LastSwiftUpdateCheck = 1600;
				LastUpgradeCheck = 1600;
				TargetAttributes = {
					04C7313C2D65B5530037CCF1 = {
						CreatedOnToolsVersion = 16.0;
					};
					04C7314E2D65B5570037CCF1 = {
						CreatedOnToolsVersion = 16.0;
						TestTargetID = 04C7313C2D65B5530037CCF1;
					};
					04C731582D65B5580037CCF1 = {
						CreatedOnToolsVersion = 16.0;
						TestTargetID = 04C7313C2D65B5530037CCF1;
					};
				};
			};
			buildConfigurationList = 04C731382D65B5530037CCF1 /* Build configuration list for PBXProject "FilemanagerBootCamp" */;
			developmentRegion = en;
			hasScannedForEncodings = 0;
			knownRegions = (
				en,
				Base,
			);
			mainGroup = 04C731342D65B5530037CCF1;
			minimizedProjectReferenceProxies = 1;
			preferredProjectObjectVersion = 77;
			productRefGroup = 04C7313E2D65B5530037CCF1 /* Products */;
			projectDirPath = "";
			projectRoot = "";
			targets = (
				04C7313C2D65B5530037CCF1 /* FilemanagerBootCamp */,
				04C7314E2D65B5570037CCF1 /* FilemanagerBootCampTests */,
				04C731582D65B5580037CCF1 /* FilemanagerBootCampUITests */,
			);
		};
/* End PBXProject section */

/* Begin PBXResourcesBuildPhase section */
		04C7313B2D65B5530037CCF1 /* Resources */ = {
			isa = PBXResourcesBuildPhase;
			buildActionMask = 2147483647;
			files = (
			);
			runOnlyForDeploymentPostprocessing = 0;
		};
		04C7314D2D65B5570037CCF1 /* Resources */ = {
			isa = PBXResourcesBuildPhase;
			buildActionMask = 2147483647;
			files = (
			);
			runOnlyForDeploymentPostprocessing = 0;
		};
		04C731572D65B5580037CCF1 /* Resources */ = {
			isa = PBXResourcesBuildPhase;
			buildActionMask = 2147483647;
			files = (
			);
			runOnlyForDeploymentPostprocessing = 0;
		};
/* End PBXResourcesBuildPhase section */

/* Begin PBXSourcesBuildPhase section */
		04C731392D65B5530037CCF1 /* Sources */ = {
			isa = PBXSourcesBuildPhase;
			buildActionMask = 2147483647;
			files = (
			);
			runOnlyForDeploymentPostprocessing = 0;
		};
		04C7314B2D65B5570037CCF1 /* Sources */ = {
			isa = PBXSourcesBuildPhase;
			buildActionMask = 2147483647;
			files = (
			);
			runOnlyForDeploymentPostprocessing = 0;
		};
		04C731552D65B5580037CCF1 /* Sources */ = {
			isa = PBXSourcesBuildPhase;
			buildActionMask = 2147483647;
			files = (
			);
			runOnlyForDeploymentPostprocessing = 0;
		};
/* End PBXSourcesBuildPhase section */

/* Begin PBXTargetDependency section */
		04C731512D65B5580037CCF1 /* PBXTargetDependency */ = {
			isa = PBXTargetDependency;
			target = 04C7313C2D65B5530037CCF1 /* FilemanagerBootCamp */;
			targetProxy = 04C731502D65B5580037CCF1 /* PBXContainerItemProxy */;
		};
		04C7315B2D65B5580037CCF1 /* PBXTargetDependency */ = {
			isa = PBXTargetDependency;
			target = 04C7313C2D65B5530037CCF1 /* FilemanagerBootCamp */;
			targetProxy = 04C7315A2D65B5580037CCF1 /* PBXContainerItemProxy */;
		};
/* End PBXTargetDependency section */

/* Begin XCBuildConfiguration section */
		04C731612D65B5580037CCF1 /* Debug */ = {
			isa = XCBuildConfiguration;
			buildSettings = {
				ALWAYS_SEARCH_USER_PATHS = NO;
				ASSETCATALOG_COMPILER_GENERATE_SWIFT_ASSET_SYMBOL_EXTENSIONS = YES;
				CLANG_ANALYZER_NONNULL = YES;
				CLANG_ANALYZER_NUMBER_OBJECT_CONVERSION = YES_AGGRESSIVE;
				CLANG_CXX_LANGUAGE_STANDARD = "gnu++20";
				CLANG_ENABLE_MODULES = YES;
				CLANG_ENABLE_OBJC_ARC = YES;
				CLANG_ENABLE_OBJC_WEAK = YES;
				CLANG_WARN_BLOCK_CAPTURE_AUTORELEASING = YES;
				CLANG_WARN_BOOL_CONVERSION = YES;
				CLANG_WARN_COMMA = YES;
				CLANG_WARN_CONSTANT_CONVERSION = YES;
				CLANG_WARN_DEPRECATED_OBJC_IMPLEMENTATIONS = YES;
				CLANG_WARN_DIRECT_OBJC_ISA_USAGE = YES_ERROR;
				CLANG_WARN_DOCUMENTATION_COMMENTS = YES;
				CLANG_WARN_EMPTY_BODY = YES;
				CLANG_WARN_ENUM_CONVERSION = YES;
				CLANG_WARN_INFINITE_RECURSION = YES;
				CLANG_WARN_INT_CONVERSION = YES;
				CLANG_WARN_NON_LITERAL_NULL_CONVERSION = YES;
				CLANG_WARN_OBJC_IMPLICIT_RETAIN_SELF = YES;
				CLANG_WARN_OBJC_LITERAL_CONVERSION = YES;
				CLANG_WARN_OBJC_ROOT_CLASS = YES_ERROR;
				CLANG_WARN_QUOTED_INCLUDE_IN_FRAMEWORK_HEADER = YES;
				CLANG_WARN_RANGE_LOOP_ANALYSIS = YES;
				CLANG_WARN_STRICT_PROTOTYPES = YES;
				CLANG_WARN_SUSPICIOUS_MOVE = YES;
				CLANG_WARN_UNGUARDED_AVAILABILITY = YES_AGGRESSIVE;
				CLANG_WARN_UNREACHABLE_CODE = YES;
				CLANG_WARN__DUPLICATE_METHOD_MATCH = YES;
				COPY_PHASE_STRIP = NO;
				DEBUG_INFORMATION_FORMAT = dwarf;
				ENABLE_STRICT_OBJC_MSGSEND = YES;
				ENABLE_TESTABILITY = YES;
				ENABLE_USER_SCRIPT_SANDBOXING = YES;
				GCC_C_LANGUAGE_STANDARD = gnu17;
				GCC_DYNAMIC_NO_PIC = NO;
				GCC_NO_COMMON_BLOCKS = YES;
				GCC_OPTIMIZATION_LEVEL = 0;
				GCC_PREPROCESSOR_DEFINITIONS = (
					"DEBUG=1",
					"$(inherited)",
				);
				GCC_WARN_64_TO_32_BIT_CONVERSION = YES;
				GCC_WARN_ABOUT_RETURN_TYPE = YES_ERROR;
				GCC_WARN_UNDECLARED_SELECTOR = YES;
				GCC_WARN_UNINITIALIZED_AUTOS = YES_AGGRESSIVE;
				GCC_WARN_UNUSED_FUNCTION = YES;
				GCC_WARN_UNUSED_VARIABLE = YES;
				IPHONEOS_DEPLOYMENT_TARGET = 18.0;
				LOCALIZATION_PREFERS_STRING_CATALOGS = YES;
				MTL_ENABLE_DEBUG_INFO = INCLUDE_SOURCE;
				MTL_FAST_MATH = YES;
				ONLY_ACTIVE_ARCH = YES;
				SDKROOT = iphoneos;
				SWIFT_ACTIVE_COMPILATION_CONDITIONS = "DEBUG $(inherited)";
				SWIFT_OPTIMIZATION_LEVEL = "-Onone";
			};
			name = Debug;
		};
		04C731622D65B5580037CCF1 /* Release */ = {
			isa = XCBuildConfiguration;
			buildSettings = {
				ALWAYS_SEARCH_USER_PATHS = NO;
				ASSETCATALOG_COMPILER_GENERATE_SWIFT_ASSET_SYMBOL_EXTENSIONS = YES;
				CLANG_ANALYZER_NONNULL = YES;
				CLANG_ANALYZER_NUMBER_OBJECT_CONVERSION = YES_AGGRESSIVE;
				CLANG_CXX_LANGUAGE_STANDARD = "gnu++20";
				CLANG_ENABLE_MODULES = YES;
				CLANG_ENABLE_OBJC_ARC = YES;
				CLANG_ENABLE_OBJC_WEAK = YES;
				CLANG_WARN_BLOCK_CAPTURE_AUTORELEASING = YES;
				CLANG_WARN_BOOL_CONVERSION = YES;
				CLANG_WARN_COMMA = YES;
				CLANG_WARN_CONSTANT_CONVERSION = YES;
				CLANG_WARN_DEPRECATED_OBJC_IMPLEMENTATIONS = YES;
				CLANG_WARN_DIRECT_OBJC_ISA_USAGE = YES_ERROR;
				CLANG_WARN_DOCUMENTATION_COMMENTS = YES;
				CLANG_WARN_EMPTY_BODY = YES;
				CLANG_WARN_ENUM_CONVERSION = YES;
				CLANG_WARN_INFINITE_RECURSION = YES;
				CLANG_WARN_INT_CONVERSION = YES;
				CLANG_WARN_NON_LITERAL_NULL_CONVERSION = YES;
				CLANG_WARN_OBJC_IMPLICIT_RETAIN_SELF = YES;
				CLANG_WARN_OBJC_LITERAL_CONVERSION = YES;
				CLANG_WARN_OBJC_ROOT_CLASS = YES_ERROR;
				CLANG_WARN_QUOTED_INCLUDE_IN_FRAMEWORK_HEADER = YES;
				CLANG_WARN_RANGE_LOOP_ANALYSIS = YES;
				CLANG_WARN_STRICT_PROTOTYPES = YES;
				CLANG_WARN_SUSPICIOUS_MOVE = YES;
				CLANG_WARN_UNGUARDED_AVAILABILITY = YES_AGGRESSIVE;
				CLANG_WARN_UNREACHABLE_CODE = YES;
				CLANG_WARN__DUPLICATE_METHOD_MATCH = YES;
				COPY_PHASE_STRIP = NO;
				DEBUG_INFORMATION_FORMAT = "dwarf-with-dsym";
				ENABLE_NS_ASSERTIONS = NO;
				ENABLE_STRICT_OBJC_MSGSEND = YES;
				ENABLE_USER_SCRIPT_SANDBOXING = YES;
				GCC_C_LANGUAGE_STANDARD = gnu17;
				GCC_NO_COMMON_BLOCKS = YES;
				GCC_WARN_64_TO_32_BIT_CONVERSION = YES;
				GCC_WARN_ABOUT_RETURN_TYPE = YES_ERROR;
				GCC_WARN_UNDECLARED_SELECTOR = YES;
				GCC_WARN_UNINITIALIZED_AUTOS = YES_AGGRESSIVE;
				GCC_WARN_UNUSED_FUNCTION = YES;
				GCC_WARN_UNUSED_VARIABLE = YES;
				IPHONEOS_DEPLOYMENT_TARGET = 18.0;
				LOCALIZATION_PREFERS_STRING_CATALOGS = YES;
				MTL_ENABLE_DEBUG_INFO = NO;
				MTL_FAST_MATH = YES;
				SDKROOT = iphoneos;
				SWIFT_COMPILATION_MODE = wholemodule;
				VALIDATE_PRODUCT = YES;
			};
			name = Release;
		};
		04C731642D65B5580037CCF1 /* Debug */ = {
			isa = XCBuildConfiguration;
			buildSettings = {
				ASSETCATALOG_COMPILER_APPICON_NAME = AppIcon;
				ASSETCATALOG_COMPILER_GLOBAL_ACCENT_COLOR_NAME = AccentColor;
				CODE_SIGN_STYLE = Automatic;
				CURRENT_PROJECT_VERSION = 1;
				DEVELOPMENT_ASSET_PATHS = "\"FilemanagerBootCamp/Preview Content\"";
				DEVELOPMENT_TEAM = PQH88KC8RZ;
				ENABLE_PREVIEWS = YES;
				GENERATE_INFOPLIST_FILE = YES;
				INFOPLIST_KEY_UIApplicationSceneManifest_Generation = YES;
				INFOPLIST_KEY_UIApplicationSupportsIndirectInputEvents = YES;
				INFOPLIST_KEY_UILaunchScreen_Generation = YES;
				INFOPLIST_KEY_UISupportedInterfaceOrientations_iPad = "UIInterfaceOrientationPortrait UIInterfaceOrientationPortraitUpsideDown UIInterfaceOrientationLandscapeLeft UIInterfaceOrientationLandscapeRight";
				INFOPLIST_KEY_UISupportedInterfaceOrientations_iPhone = "UIInterfaceOrientationPortrait UIInterfaceOrientationLandscapeLeft UIInterfaceOrientationLandscapeRight";
				LD_RUNPATH_SEARCH_PATHS = (
					"$(inherited)",
					"@executable_path/Frameworks",
				);
				MARKETING_VERSION = 1.0;
				PRODUCT_BUNDLE_IDENTIFIER = com.filemanager.FilemanagerBootCamp;
				PRODUCT_NAME = "$(TARGET_NAME)";
				SWIFT_EMIT_LOC_STRINGS = YES;
				SWIFT_VERSION = 6.0;
				TARGETED_DEVICE_FAMILY = "1,2";
			};
			name = Debug;
		};
		04C731652D65B5580037CCF1 /* Release */ = {
			isa = XCBuildConfiguration;
			buildSettings = {
				ASSETCATALOG_COMPILER_APPICON_NAME = AppIcon;
				ASSETCATALOG_COMPILER_GLOBAL_ACCENT_COLOR_NAME = AccentColor;
				CODE_SIGN_STYLE = Automatic;
				CURRENT_PROJECT_VERSION = 1;
				DEVELOPMENT_ASSET_PATHS = "\"FilemanagerBootCamp/Preview Content\"";
				DEVELOPMENT_TEAM = PQH88KC8RZ;
				ENABLE_PREVIEWS = YES;
				GENERATE_INFOPLIST_FILE = YES;
				INFOPLIST_KEY_UIApplicationSceneManifest_Generation = YES;
				INFOPLIST_KEY_UIApplicationSupportsIndirectInputEvents = YES;
				INFOPLIST_KEY_UILaunchScreen_Generation = YES;
				INFOPLIST_KEY_UISupportedInterfaceOrientations_iPad = "UIInterfaceOrientationPortrait UIInterfaceOrientationPortraitUpsideDown UIInterfaceOrientationLandscapeLeft UIInterfaceOrientationLandscapeRight";
				INFOPLIST_KEY_UISupportedInterfaceOrientations_iPhone = "UIInterfaceOrientationPortrait UIInterfaceOrientationLandscapeLeft UIInterfaceOrientationLandscapeRight";
				LD_RUNPATH_SEARCH_PATHS = (
					"$(inherited)",
					"@executable_path/Frameworks",
				);
				MARKETING_VERSION = 1.0;
				PRODUCT_BUNDLE_IDENTIFIER = com.filemanager.FilemanagerBootCamp;
				PRODUCT_NAME = "$(TARGET_NAME)";
				SWIFT_EMIT_LOC_STRINGS = YES;
				SWIFT_VERSION = 6.0;
				TARGETED_DEVICE_FAMILY = "1,2";
			};
			name = Release;
		};
		04C731672D65B5580037CCF1 /* Debug */ = {
			isa = XCBuildConfiguration;
			buildSettings = {
				BUNDLE_LOADER = "$(TEST_HOST)";
				CODE_SIGN_STYLE = Automatic;
				CURRENT_PROJECT_VERSION = 1;
				GENERATE_INFOPLIST_FILE = YES;
				IPHONEOS_DEPLOYMENT_TARGET = 18.0;
				MARKETING_VERSION = 1.0;
				PRODUCT_BUNDLE_IDENTIFIER = com.filemanager.FilemanagerBootCampTests;
				PRODUCT_NAME = "$(TARGET_NAME)";
				SWIFT_EMIT_LOC_STRINGS = NO;
				SWIFT_VERSION = 5.0;
				TARGETED_DEVICE_FAMILY = "1,2";
				TEST_HOST = "$(BUILT_PRODUCTS_DIR)/FilemanagerBootCamp.app/$(BUNDLE_EXECUTABLE_FOLDER_PATH)/FilemanagerBootCamp";
			};
			name = Debug;
		};
		04C731682D65B5580037CCF1 /* Release */ = {
			isa = XCBuildConfiguration;
			buildSettings = {
				BUNDLE_LOADER = "$(TEST_HOST)";
				CODE_SIGN_STYLE = Automatic;
				CURRENT_PROJECT_VERSION = 1;
				GENERATE_INFOPLIST_FILE = YES;
				IPHONEOS_DEPLOYMENT_TARGET = 18.0;
				MARKETING_VERSION = 1.0;
				PRODUCT_BUNDLE_IDENTIFIER = com.filemanager.FilemanagerBootCampTests;
				PRODUCT_NAME = "$(TARGET_NAME)";
				SWIFT_EMIT_LOC_STRINGS = NO;
				SWIFT_VERSION = 5.0;
				TARGETED_DEVICE_FAMILY = "1,2";
				TEST_HOST = "$(BUILT_PRODUCTS_DIR)/FilemanagerBootCamp.app/$(BUNDLE_EXECUTABLE_FOLDER_PATH)/FilemanagerBootCamp";
			};
			name = Release;
		};
		04C7316A2D65B5580037CCF1 /* Debug */ = {
			isa = XCBuildConfiguration;
			buildSettings = {
				CODE_SIGN_STYLE = Automatic;
				CURRENT_PROJECT_VERSION = 1;
				GENERATE_INFOPLIST_FILE = YES;
				MARKETING_VERSION = 1.0;
				PRODUCT_BUNDLE_IDENTIFIER = com.filemanager.FilemanagerBootCampUITests;
				PRODUCT_NAME = "$(TARGET_NAME)";
				SWIFT_EMIT_LOC_STRINGS = NO;
				SWIFT_VERSION = 5.0;
				TARGETED_DEVICE_FAMILY = "1,2";
				TEST_TARGET_NAME = FilemanagerBootCamp;
			};
			name = Debug;
		};
		04C7316B2D65B5580037CCF1 /* Release */ = {
			isa = XCBuildConfiguration;
			buildSettings = {
				CODE_SIGN_STYLE = Automatic;
				CURRENT_PROJECT_VERSION = 1;
				GENERATE_INFOPLIST_FILE = YES;
				MARKETING_VERSION = 1.0;
				PRODUCT_BUNDLE_IDENTIFIER = com.filemanager.FilemanagerBootCampUITests;
				PRODUCT_NAME = "$(TARGET_NAME)";
				SWIFT_EMIT_LOC_STRINGS = NO;
				SWIFT_VERSION = 5.0;
				TARGETED_DEVICE_FAMILY = "1,2";
				TEST_TARGET_NAME = FilemanagerBootCamp;
			};
			name = Release;
		};
/* End XCBuildConfiguration section */

/* Begin XCConfigurationList section */
		04C731382D65B5530037CCF1 /* Build configuration list for PBXProject "FilemanagerBootCamp" */ = {
			isa = XCConfigurationList;
			buildConfigurations = (
				04C731612D65B5580037CCF1 /* Debug */,
				04C731622D65B5580037CCF1 /* Release */,
			);
			defaultConfigurationIsVisible = 0;
			defaultConfigurationName = Release;
		};
		04C731632D65B5580037CCF1 /* Build configuration list for PBXNativeTarget "FilemanagerBootCamp" */ = {
			isa = XCConfigurationList;
			buildConfigurations = (
				04C731642D65B5580037CCF1 /* Debug */,
				04C731652D65B5580037CCF1 /* Release */,
			);
			defaultConfigurationIsVisible = 0;
			defaultConfigurationName = Release;
		};
		04C731662D65B5580037CCF1 /* Build configuration list for PBXNativeTarget "FilemanagerBootCampTests" */ = {
			isa = XCConfigurationList;
			buildConfigurations = (
				04C731672D65B5580037CCF1 /* Debug */,
				04C731682D65B5580037CCF1 /* Release */,
			);
			defaultConfigurationIsVisible = 0;
			defaultConfigurationName = Release;
		};
		04C731692D65B5580037CCF1 /* Build configuration list for PBXNativeTarget "FilemanagerBootCampUITests" */ = {
			isa = XCConfigurationList;
			buildConfigurations = (
				04C7316A2D65B5580037CCF1 /* Debug */,
				04C7316B2D65B5580037CCF1 /* Release */,
			);
			defaultConfigurationIsVisible = 0;
			defaultConfigurationName = Release;
		};
/* End XCConfigurationList section */
	};
	rootObject = 04C731352D65B5530037CCF1 /* Project object */;
}
